// !$*UTF8*$!
{
	archiveVersion = 1;
	classes = {
	};
	objectVersion = 46;
	objects = {

/* Begin PBXBuildFile section */
		1E0D576219DF6F3C003BA6AC /* main.cpp in Sources */ = {isa = PBXBuildFile; fileRef = 1E0D576119DF6F3C003BA6AC /* main.cpp */; };
		1E0D576919DF6F4A003BA6AC /* OpenGL.framework in Frameworks */ = {isa = PBXBuildFile; fileRef = 1E0D576819DF6F4A003BA6AC /* OpenGL.framework */; };
		1E0D576B19DF6F4F003BA6AC /* Cocoa.framework in Frameworks */ = {isa = PBXBuildFile; fileRef = 1E0D576A19DF6F4F003BA6AC /* Cocoa.framework */; };
		1E0D576D19DF6F57003BA6AC /* GLUT.framework in Frameworks */ = {isa = PBXBuildFile; fileRef = 1E0D576C19DF6F57003BA6AC /* GLUT.framework */; };
/* End PBXBuildFile section */

/* Begin PBXCopyFilesBuildPhase section */
		1E0D575C19DF6F3C003BA6AC /* CopyFiles */ = {
			isa = PBXCopyFilesBuildPhase;
			buildActionMask = 2147483647;
			dstPath = /usr/share/man/man1/;
			dstSubfolderSpec = 0;
			files = (
			);
			runOnlyForDeploymentPostprocessing = 1;
		};
/* End PBXCopyFilesBuildPhase section */

/* Begin PBXFileReference section */
		1E0D575E19DF6F3C003BA6AC /* Lighting */ = {isa = PBXFileReference; explicitFileType = "compiled.mach-o.executable"; includeInIndex = 0; path = Lighting; sourceTree = BUILT_PRODUCTS_DIR; };
		1E0D576119DF6F3C003BA6AC /* main.cpp */ = {isa = PBXFileReference; lastKnownFileType = sourcecode.cpp.cpp; path = main.cpp; sourceTree = "<group>"; };
		1E0D576819DF6F4A003BA6AC /* OpenGL.framework */ = {isa = PBXFileReference; lastKnownFileType = wrapper.framework; name = OpenGL.framework; path = System/Library/Frameworks/OpenGL.framework; sourceTree = SDKROOT; };
		1E0D576A19DF6F4F003BA6AC /* Cocoa.framework */ = {isa = PBXFileReference; lastKnownFileType = wrapper.framework; name = Cocoa.framework; path = System/Library/Frameworks/Cocoa.framework; sourceTree = SDKROOT; };
		1E0D576C19DF6F57003BA6AC /* GLUT.framework */ = {isa = PBXFileReference; lastKnownFileType = wrapper.framework; name = GLUT.framework; path = System/Library/Frameworks/GLUT.framework; sourceTree = SDKROOT; };
/* End PBXFileReference section */

/* Begin PBXFrameworksBuildPhase section */
		1E0D575B19DF6F3C003BA6AC /* Frameworks */ = {
			isa = PBXFrameworksBuildPhase;
			buildActionMask = 2147483647;
			files = (
				1E0D576D19DF6F57003BA6AC /* GLUT.framework in Frameworks */,
				1E0D576B19DF6F4F003BA6AC /* Cocoa.framework in Frameworks */,
				1E0D576919DF6F4A003BA6AC /* OpenGL.framework in Frameworks */,
			);
			runOnlyForDeploymentPostprocessing = 0;
		};
/* End PBXFrameworksBuildPhase section */

/* Begin PBXGroup section */
		1E0D575519DF6F3C003BA6AC = {
			isa = PBXGroup;
			children = (
				1E0D576C19DF6F57003BA6AC /* GLUT.framework */,
				1E0D576A19DF6F4F003BA6AC /* Cocoa.framework */,
				1E0D576819DF6F4A003BA6AC /* OpenGL.framework */,
				1E0D576019DF6F3C003BA6AC /* Lighting */,
				1E0D575F19DF6F3C003BA6AC /* Products */,
			);
			sourceTree = "<group>";
		};
		1E0D575F19DF6F3C003BA6AC /* Products */ = {
			isa = PBXGroup;
			children = (
				1E0D575E19DF6F3C003BA6AC /* Lighting */,
			);
			name = Products;
			sourceTree = "<group>";
		};
		1E0D576019DF6F3C003BA6AC /* Lighting */ = {
			isa = PBXGroup;
			children = (
				1E0D576119DF6F3C003BA6AC /* main.cpp */,
			);
			path = Lighting;
			sourceTree = "<group>";
		};
/* End PBXGroup section */

/* Begin PBXNativeTarget section */
		1E0D575D19DF6F3C003BA6AC /* Lighting */ = {
			isa = PBXNativeTarget;
			buildConfigurationList = 1E0D576519DF6F3C003BA6AC /* Build configuration list for PBXNativeTarget "Lighting" */;
			buildPhases = (
				1E0D575A19DF6F3C003BA6AC /* Sources */,
				1E0D575B19DF6F3C003BA6AC /* Frameworks */,
				1E0D575C19DF6F3C003BA6AC /* CopyFiles */,
			);
			buildRules = (
			);
			dependencies = (
			);
			name = Lighting;
			productName = Lighting;
			productReference = 1E0D575E19DF6F3C003BA6AC /* Lighting */;
			productType = "com.apple.product-type.tool";
		};
/* End PBXNativeTarget section */

/* Begin PBXProject section */
		1E0D575619DF6F3C003BA6AC /* Project object */ = {
			isa = PBXProject;
			attributes = {
				LastUpgradeCheck = 0600;
				ORGANIZATIONNAME = LuisMendoza;
				TargetAttributes = {
					1E0D575D19DF6F3C003BA6AC = {
						CreatedOnToolsVersion = 6.0.1;
					};
				};
			};
			buildConfigurationList = 1E0D575919DF6F3C003BA6AC /* Build configuration list for PBXProject "Lighting" */;
			compatibilityVersion = "Xcode 3.2";
			developmentRegion = English;
			hasScannedForEncodings = 0;
			knownRegions = (
				en,
			);
			mainGroup = 1E0D575519DF6F3C003BA6AC;
			productRefGroup = 1E0D575F19DF6F3C003BA6AC /* Products */;
			projectDirPath = "";
			projectRoot = "";
			targets = (
				1E0D575D19DF6F3C003BA6AC /* Lighting */,
			);
		};
/* End PBXProject section */

/* Begin PBXSourcesBuildPhase section */
		1E0D575A19DF6F3C003BA6AC /* Sources */ = {
			isa = PBXSourcesBuildPhase;
			buildActionMask = 2147483647;
			files = (
				1E0D576219DF6F3C003BA6AC /* main.cpp in Sources */,
			);
			runOnlyForDeploymentPostprocessing = 0;
		};
/* End PBXSourcesBuildPhase section */

/* Begin XCBuildConfiguration section */
		1E0D576319DF6F3C003BA6AC /* Debug */ = {
			isa = XCBuildConfiguration;
			buildSettings = {
				ALWAYS_SEARCH_USER_PATHS = NO;
				CLANG_CXX_LANGUAGE_STANDARD = "gnu++0x";
				CLANG_CXX_LIBRARY = "libc++";
				CLANG_ENABLE_MODULES = YES;
				CLANG_ENABLE_OBJC_ARC = YES;
				CLANG_WARN_BOOL_CONVERSION = YES;
				CLANG_WARN_CONSTANT_CONVERSION = YES;
				CLANG_WARN_DIRECT_OBJC_ISA_USAGE = YES_ERROR;
				CLANG_WARN_EMPTY_BODY = YES;
				CLANG_WARN_ENUM_CONVERSION = YES;
				CLANG_WARN_INT_CONVERSION = YES;
				CLANG_WARN_OBJC_ROOT_CLASS = YES_ERROR;
				CLANG_WARN_UNREACHABLE_CODE = YES;
				CLANG_WARN__DUPLICATE_METHOD_MATCH = YES;
				COPY_PHASE_STRIP = NO;
				ENABLE_STRICT_OBJC_MSGSEND = YES;
				GCC_C_LANGUAGE_STANDARD = gnu99;
				GCC_DYNAMIC_NO_PIC = NO;
				GCC_OPTIMIZATION_LEVEL = 0;
				GCC_PREPROCESSOR_DEFINITIONS = (
					"DEBUG=1",
					"$(inherited)",
				);
				GCC_SYMBOLS_PRIVATE_EXTERN = NO;
				GCC_WARN_64_TO_32_BIT_CONVERSION = YES;
				GCC_WARN_ABOUT_RETURN_TYPE = YES_ERROR;
				GCC_WARN_UNDECLARED_SELECTOR = YES;
				GCC_WARN_UNINITIALIZED_AUTOS = YES_AGGRESSIVE;
				GCC_WARN_UNUSED_FUNCTION = YES;
				GCC_WARN_UNUSED_VARIABLE = YES;
				MACOSX_DEPLOYMENT_TARGET = 10.10;
				MTL_ENABLE_DEBUG_INFO = YES;
				ONLY_ACTIVE_ARCH = YES;
				SDKROOT = macosx;
			};
			name = Debug;
		};
		1E0D576419DF6F3C003BA6AC /* Release */ = {
			isa = XCBuildConfiguration;
			buildSettings = {
				ALWAYS_SEARCH_USER_PATHS = NO;
				CLANG_CXX_LANGUAGE_STANDARD = "gnu++0x";
				CLANG_CXX_LIBRARY = "libc++";
				CLANG_ENABLE_MODULES = YES;
				CLANG_ENABLE_OBJC_ARC = YES;
				CLANG_WARN_BOOL_CONVERSION = YES;
				CLANG_WARN_CONSTANT_CONVERSION = YES;
				CLANG_WARN_DIRECT_OBJC_ISA_USAGE = YES_ERROR;
				CLANG_WARN_EMPTY_BODY = YES;
				CLANG_WARN_ENUM_CONVERSION = YES;
				CLANG_WARN_INT_CONVERSION = YES;
				CLANG_WARN_OBJC_ROOT_CLASS = YES_ERROR;
				CLANG_WARN_UNREACHABLE_CODE = YES;
				CLANG_WARN__DUPLICATE_METHOD_MATCH = YES;
				COPY_PHASE_STRIP = YES;
				DEBUG_INFORMATION_FORMAT = "dwarf-with-dsym";
				ENABLE_NS_ASSERTIONS = NO;
				ENABLE_STRICT_OBJC_MSGSEND = YES;
				GCC_C_LANGUAGE_STANDARD = gnu99;
				GCC_WARN_64_TO_32_BIT_CONVERSION = YES;
				GCC_WARN_ABOUT_RETURN_TYPE = YES_ERROR;
				GCC_WARN_UNDECLARED_SELECTOR = YES;
				GCC_WARN_UNINITIALIZED_AUTOS = YES_AGGRESSIVE;
				GCC_WARN_UNUSED_FUNCTION = YES;
				GCC_WARN_UNUSED_VARIABLE = YES;
				MACOSX_DEPLOYMENT_TARGET = 10.10;
				MTL_ENABLE_DEBUG_INFO = NO;
				SDKROOT = macosx;
			};
			name = Release;
		};
		1E0D576619DF6F3C003BA6AC /* Debug */ = {
			isa = XCBuildConfiguration;
			buildSettings = {
				PRODUCT_NAME = "$(TARGET_NAME)";
			};
			name = Debug;
		};
		1E0D576719DF6F3C003BA6AC /* Release */ = {
			isa = XCBuildConfiguration;
			buildSettings = {
				PRODUCT_NAME = "$(TARGET_NAME)";
			};
			name = Release;
		};
/* End XCBuildConfiguration section */

/* Begin XCConfigurationList section */
		1E0D575919DF6F3C003BA6AC /* Build configuration list for PBXProject "Lighting" */ = {
			isa = XCConfigurationList;
			buildConfigurations = (
				1E0D576319DF6F3C003BA6AC /* Debug */,
				1E0D576419DF6F3C003BA6AC /* Release */,
			);
			defaultConfigurationIsVisible = 0;
			defaultConfigurationName = Release;
		};
		1E0D576519DF6F3C003BA6AC /* Build configuration list for PBXNativeTarget "Lighting" */ = {
			isa = XCConfigurationList;
			buildConfigurations = (
				1E0D576619DF6F3C003BA6AC /* Debug */,
				1E0D576719DF6F3C003BA6AC /* Release */,
			);
			defaultConfigurationIsVisible = 0;
		};
/* End XCConfigurationList section */
	};
	rootObject = 1E0D575619DF6F3C003BA6AC /* Project object */;
}
