// !$*UTF8*$!
{
	archiveVersion = 1;
	classes = {
	};
	objectVersion = 46;
	objects = {

/* Begin PBXBuildFile section */
		1E0D573019DF607E003BA6AC /* main.cpp in Sources */ = {isa = PBXBuildFile; fileRef = 1E0D572F19DF607E003BA6AC /* main.cpp */; };
		1E0D573719DF608A003BA6AC /* GLUT.framework in Frameworks */ = {isa = PBXBuildFile; fileRef = 1E0D573619DF608A003BA6AC /* GLUT.framework */; };
		1E0D573919DF6091003BA6AC /* OpenGL.framework in Frameworks */ = {isa = PBXBuildFile; fileRef = 1E0D573819DF6091003BA6AC /* OpenGL.framework */; };
		1E0D573B19DF6097003BA6AC /* Cocoa.framework in Frameworks */ = {isa = PBXBuildFile; fileRef = 1E0D573A19DF6097003BA6AC /* Cocoa.framework */; };
/* End PBXBuildFile section */

/* Begin PBXCopyFilesBuildPhase section */
		1E0D572A19DF607E003BA6AC /* CopyFiles */ = {
			isa = PBXCopyFilesBuildPhase;
			buildActionMask = 2147483647;
			dstPath = /usr/share/man/man1/;
			dstSubfolderSpec = 0;
			files = (
			);
			runOnlyForDeploymentPostprocessing = 1;
		};
/* End PBXCopyFilesBuildPhase section */

/* Begin PBXFileReference section */
		1E0D572C19DF607E003BA6AC /* Transformations */ = {isa = PBXFileReference; explicitFileType = "compiled.mach-o.executable"; includeInIndex = 0; path = Transformations; sourceTree = BUILT_PRODUCTS_DIR; };
		1E0D572F19DF607E003BA6AC /* main.cpp */ = {isa = PBXFileReference; lastKnownFileType = sourcecode.cpp.cpp; path = main.cpp; sourceTree = "<group>"; };
		1E0D573619DF608A003BA6AC /* GLUT.framework */ = {isa = PBXFileReference; lastKnownFileType = wrapper.framework; name = GLUT.framework; path = System/Library/Frameworks/GLUT.framework; sourceTree = SDKROOT; };
		1E0D573819DF6091003BA6AC /* OpenGL.framework */ = {isa = PBXFileReference; lastKnownFileType = wrapper.framework; name = OpenGL.framework; path = System/Library/Frameworks/OpenGL.framework; sourceTree = SDKROOT; };
		1E0D573A19DF6097003BA6AC /* Cocoa.framework */ = {isa = PBXFileReference; lastKnownFileType = wrapper.framework; name = Cocoa.framework; path = System/Library/Frameworks/Cocoa.framework; sourceTree = SDKROOT; };
/* End PBXFileReference section */

/* Begin PBXFrameworksBuildPhase section */
		1E0D572919DF607E003BA6AC /* Frameworks */ = {
			isa = PBXFrameworksBuildPhase;
			buildActionMask = 2147483647;
			files = (
				1E0D573B19DF6097003BA6AC /* Cocoa.framework in Frameworks */,
				1E0D573919DF6091003BA6AC /* OpenGL.framework in Frameworks */,
				1E0D573719DF608A003BA6AC /* GLUT.framework in Frameworks */,
			);
			runOnlyForDeploymentPostprocessing = 0;
		};
/* End PBXFrameworksBuildPhase section */

/* Begin PBXGroup section */
		1E0D572319DF607E003BA6AC = {
			isa = PBXGroup;
			children = (
				1E0D572E19DF607E003BA6AC /* Transformations */,
				1E0D572D19DF607E003BA6AC /* Products */,
				1E0D573819DF6091003BA6AC /* OpenGL.framework */,
				1E0D573619DF608A003BA6AC /* GLUT.framework */,
				1E0D573A19DF6097003BA6AC /* Cocoa.framework */,
			);
			sourceTree = "<group>";
		};
		1E0D572D19DF607E003BA6AC /* Products */ = {
			isa = PBXGroup;
			children = (
				1E0D572C19DF607E003BA6AC /* Transformations */,
			);
			name = Products;
			sourceTree = "<group>";
		};
		1E0D572E19DF607E003BA6AC /* Transformations */ = {
			isa = PBXGroup;
			children = (
				1E0D572F19DF607E003BA6AC /* main.cpp */,
			);
			path = Transformations;
			sourceTree = "<group>";
		};
/* End PBXGroup section */

/* Begin PBXNativeTarget section */
		1E0D572B19DF607E003BA6AC /* Transformations */ = {
			isa = PBXNativeTarget;
			buildConfigurationList = 1E0D573319DF607E003BA6AC /* Build configuration list for PBXNativeTarget "Transformations" */;
			buildPhases = (
				1E0D572819DF607E003BA6AC /* Sources */,
				1E0D572919DF607E003BA6AC /* Frameworks */,
				1E0D572A19DF607E003BA6AC /* CopyFiles */,
			);
			buildRules = (
			);
			dependencies = (
			);
			name = Transformations;
			productName = Transformations;
			productReference = 1E0D572C19DF607E003BA6AC /* Transformations */;
			productType = "com.apple.product-type.tool";
		};
/* End PBXNativeTarget section */

/* Begin PBXProject section */
		1E0D572419DF607E003BA6AC /* Project object */ = {
			isa = PBXProject;
			attributes = {
				LastUpgradeCheck = 0600;
				ORGANIZATIONNAME = LuisMendoza;
				TargetAttributes = {
					1E0D572B19DF607E003BA6AC = {
						CreatedOnToolsVersion = 6.0.1;
					};
				};
			};
			buildConfigurationList = 1E0D572719DF607E003BA6AC /* Build configuration list for PBXProject "Transformations" */;
			compatibilityVersion = "Xcode 3.2";
			developmentRegion = English;
			hasScannedForEncodings = 0;
			knownRegions = (
				en,
			);
			mainGroup = 1E0D572319DF607E003BA6AC;
			productRefGroup = 1E0D572D19DF607E003BA6AC /* Products */;
			projectDirPath = "";
			projectRoot = "";
			targets = (
				1E0D572B19DF607E003BA6AC /* Transformations */,
			);
		};
/* End PBXProject section */

/* Begin PBXSourcesBuildPhase section */
		1E0D572819DF607E003BA6AC /* Sources */ = {
			isa = PBXSourcesBuildPhase;
			buildActionMask = 2147483647;
			files = (
				1E0D573019DF607E003BA6AC /* main.cpp in Sources */,
			);
			runOnlyForDeploymentPostprocessing = 0;
		};
/* End PBXSourcesBuildPhase section */

/* Begin XCBuildConfiguration section */
		1E0D573119DF607E003BA6AC /* Debug */ = {
			isa = XCBuildConfiguration;
			buildSettings = {
				ALWAYS_SEARCH_USER_PATHS = NO;
				CLANG_CXX_LANGUAGE_STANDARD = "gnu++0x";
				CLANG_CXX_LIBRARY = "libc++";
				CLANG_ENABLE_MODULES = YES;
				CLANG_ENABLE_OBJC_ARC = YES;
				CLANG_WARN_BOOL_CONVERSION = YES;
				CLANG_WARN_CONSTANT_CONVERSION = YES;
				CLANG_WARN_DIRECT_OBJC_ISA_USAGE = YES_ERROR;
				CLANG_WARN_EMPTY_BODY = YES;
				CLANG_WARN_ENUM_CONVERSION = YES;
				CLANG_WARN_INT_CONVERSION = YES;
				CLANG_WARN_OBJC_ROOT_CLASS = YES_ERROR;
				CLANG_WARN_UNREACHABLE_CODE = YES;
				CLANG_WARN__DUPLICATE_METHOD_MATCH = YES;
				COPY_PHASE_STRIP = NO;
				ENABLE_STRICT_OBJC_MSGSEND = YES;
				GCC_C_LANGUAGE_STANDARD = gnu99;
				GCC_DYNAMIC_NO_PIC = NO;
				GCC_OPTIMIZATION_LEVEL = 0;
				GCC_PREPROCESSOR_DEFINITIONS = (
					"DEBUG=1",
					"$(inherited)",
				);
				GCC_SYMBOLS_PRIVATE_EXTERN = NO;
				GCC_WARN_64_TO_32_BIT_CONVERSION = YES;
				GCC_WARN_ABOUT_RETURN_TYPE = YES_ERROR;
				GCC_WARN_UNDECLARED_SELECTOR = YES;
				GCC_WARN_UNINITIALIZED_AUTOS = YES_AGGRESSIVE;
				GCC_WARN_UNUSED_FUNCTION = YES;
				GCC_WARN_UNUSED_VARIABLE = YES;
				MACOSX_DEPLOYMENT_TARGET = 10.10;
				MTL_ENABLE_DEBUG_INFO = YES;
				ONLY_ACTIVE_ARCH = YES;
				SDKROOT = macosx;
			};
			name = Debug;
		};
		1E0D573219DF607E003BA6AC /* Release */ = {
			isa = XCBuildConfiguration;
			buildSettings = {
				ALWAYS_SEARCH_USER_PATHS = NO;
				CLANG_CXX_LANGUAGE_STANDARD = "gnu++0x";
				CLANG_CXX_LIBRARY = "libc++";
				CLANG_ENABLE_MODULES = YES;
				CLANG_ENABLE_OBJC_ARC = YES;
				CLANG_WARN_BOOL_CONVERSION = YES;
				CLANG_WARN_CONSTANT_CONVERSION = YES;
				CLANG_WARN_DIRECT_OBJC_ISA_USAGE = YES_ERROR;
				CLANG_WARN_EMPTY_BODY = YES;
				CLANG_WARN_ENUM_CONVERSION = YES;
				CLANG_WARN_INT_CONVERSION = YES;
				CLANG_WARN_OBJC_ROOT_CLASS = YES_ERROR;
				CLANG_WARN_UNREACHABLE_CODE = YES;
				CLANG_WARN__DUPLICATE_METHOD_MATCH = YES;
				COPY_PHASE_STRIP = YES;
				DEBUG_INFORMATION_FORMAT = "dwarf-with-dsym";
				ENABLE_NS_ASSERTIONS = NO;
				ENABLE_STRICT_OBJC_MSGSEND = YES;
				GCC_C_LANGUAGE_STANDARD = gnu99;
				GCC_WARN_64_TO_32_BIT_CONVERSION = YES;
				GCC_WARN_ABOUT_RETURN_TYPE = YES_ERROR;
				GCC_WARN_UNDECLARED_SELECTOR = YES;
				GCC_WARN_UNINITIALIZED_AUTOS = YES_AGGRESSIVE;
				GCC_WARN_UNUSED_FUNCTION = YES;
				GCC_WARN_UNUSED_VARIABLE = YES;
				MACOSX_DEPLOYMENT_TARGET = 10.10;
				MTL_ENABLE_DEBUG_INFO = NO;
				SDKROOT = macosx;
			};
			name = Release;
		};
		1E0D573419DF607E003BA6AC /* Debug */ = {
			isa = XCBuildConfiguration;
			buildSettings = {
				PRODUCT_NAME = "$(TARGET_NAME)";
			};
			name = Debug;
		};
		1E0D573519DF607E003BA6AC /* Release */ = {
			isa = XCBuildConfiguration;
			buildSettings = {
				PRODUCT_NAME = "$(TARGET_NAME)";
			};
			name = Release;
		};
/* End XCBuildConfiguration section */

/* Begin XCConfigurationList section */
		1E0D572719DF607E003BA6AC /* Build configuration list for PBXProject "Transformations" */ = {
			isa = XCConfigurationList;
			buildConfigurations = (
				1E0D573119DF607E003BA6AC /* Debug */,
				1E0D573219DF607E003BA6AC /* Release */,
			);
			defaultConfigurationIsVisible = 0;
			defaultConfigurationName = Release;
		};
		1E0D573319DF607E003BA6AC /* Build configuration list for PBXNativeTarget "Transformations" */ = {
			isa = XCConfigurationList;
			buildConfigurations = (
				1E0D573419DF607E003BA6AC /* Debug */,
				1E0D573519DF607E003BA6AC /* Release */,
			);
			defaultConfigurationIsVisible = 0;
		};
/* End XCConfigurationList section */
	};
	rootObject = 1E0D572419DF607E003BA6AC /* Project object */;
}
